
Microsoft Visual Studio Solution File, Format Version 11.00
# Visual Studio 2010
Project("{FAE04EC0-301F-11D3-BF4B-00C04F79EFBC}") = "pvc.Adapters.MicrosoftMQ", "pvc.Adapters.MSMQ\pvc.Adapters.MicrosoftMQ.csproj", "{87EC8B04-2BE1-4E77-90BA-421345CB9D6E}"
EndProject
Global
	GlobalSection(SolutionConfigurationPlatforms) = preSolution
		Debug|Any CPU = Debug|Any CPU
		Release|Any CPU = Release|Any CPU
	EndGlobalSection
	GlobalSection(ProjectConfigurationPlatforms) = postSolution
		{87EC8B04-2BE1-4E77-90BA-421345CB9D6E}.Debug|Any CPU.ActiveCfg = Debug|Any CPU
		{87EC8B04-2BE1-4E77-90BA-421345CB9D6E}.Debug|Any CPU.Build.0 = Debug|Any CPU
		{87EC8B04-2BE1-4E77-90BA-421345CB9D6E}.Release|Any CPU.ActiveCfg = Release|Any CPU
		{87EC8B04-2BE1-4E77-90BA-421345CB9D6E}.Release|Any CPU.Build.0 = Release|Any CPU
	EndGlobalSection
	GlobalSection(SolutionProperties) = preSolution
		HideSolutionNode = FALSE
	EndGlobalSection
EndGlobal
