
Microsoft Visual Studio Solution File, Format Version 11.00
# Visual Studio 2010
Project("{2150E333-8FDC-42A3-9474-1A3956D46DE8}") = "Solution Items", "Solution Items", "{31892440-7E40-4642-A0E2-712D27FD7A28}"
	ProjectSection(SolutionItems) = preProject
		..\LICENSE = ..\LICENSE
		..\pack-nuget-rabbitmq.bat = ..\pack-nuget-rabbitmq.bat
		..\pvc-rabbitmq.nuspec = ..\pvc-rabbitmq.nuspec
		..\README.markdown = ..\README.markdown
	EndProjectSection
EndProject
Project("{FAE04EC0-301F-11D3-BF4B-00C04F79EFBC}") = "pvc.Adapters.RabbitMQ", "pvc.Adapters.RabbitMQ\pvc.Adapters.RabbitMQ.csproj", "{6B46EA26-3A40-4385-B573-A627724F166F}"
EndProject
Project("{FAE04EC0-301F-11D3-BF4B-00C04F79EFBC}") = "pvc.Adapters.RabbitMQ.Tests", "pvc.Adapters.RabbitMQ.Tests\pvc.Adapters.RabbitMQ.Tests.csproj", "{6F55A4FE-7004-46B7-B4B5-F63D34308ADD}"
EndProject
Project("{2150E333-8FDC-42A3-9474-1A3956D46DE8}") = ".NET 3.5", ".NET 3.5", "{5ED7DF6D-ED21-4379-9448-5EBC7DF45694}"
EndProject
Project("{2150E333-8FDC-42A3-9474-1A3956D46DE8}") = ".NET 2.0", ".NET 2.0", "{99391D57-AA6A-42CE-8994-24E1E75F9592}"
EndProject
Project("{FAE04EC0-301F-11D3-BF4B-00C04F79EFBC}") = "pvc.Adapters.RabbitMQ.Net35", "pvc.Adapters.RabbitMQ.Net35\pvc.Adapters.RabbitMQ.Net35.csproj", "{32A5EF7C-D4C4-4EE3-A777-6A348A4C8BDA}"
EndProject
Project("{FAE04EC0-301F-11D3-BF4B-00C04F79EFBC}") = "pvc.Adapters.RabbitMQ.Net20", "pvc.Adapters.RabbitMQ.Net20\pvc.Adapters.RabbitMQ.Net20.csproj", "{D0A26E55-82B5-4C6B-A9F8-31E6EAEDA68D}"
EndProject
Global
	GlobalSection(SolutionConfigurationPlatforms) = preSolution
		Debug|Any CPU = Debug|Any CPU
		Release|Any CPU = Release|Any CPU
	EndGlobalSection
	GlobalSection(ProjectConfigurationPlatforms) = postSolution
		{6B46EA26-3A40-4385-B573-A627724F166F}.Debug|Any CPU.ActiveCfg = Debug|Any CPU
		{6B46EA26-3A40-4385-B573-A627724F166F}.Debug|Any CPU.Build.0 = Debug|Any CPU
		{6B46EA26-3A40-4385-B573-A627724F166F}.Release|Any CPU.ActiveCfg = Release|Any CPU
		{6B46EA26-3A40-4385-B573-A627724F166F}.Release|Any CPU.Build.0 = Release|Any CPU
		{6F55A4FE-7004-46B7-B4B5-F63D34308ADD}.Debug|Any CPU.ActiveCfg = Debug|Any CPU
		{6F55A4FE-7004-46B7-B4B5-F63D34308ADD}.Debug|Any CPU.Build.0 = Debug|Any CPU
		{6F55A4FE-7004-46B7-B4B5-F63D34308ADD}.Release|Any CPU.ActiveCfg = Release|Any CPU
		{6F55A4FE-7004-46B7-B4B5-F63D34308ADD}.Release|Any CPU.Build.0 = Release|Any CPU
		{32A5EF7C-D4C4-4EE3-A777-6A348A4C8BDA}.Debug|Any CPU.ActiveCfg = Debug|Any CPU
		{32A5EF7C-D4C4-4EE3-A777-6A348A4C8BDA}.Debug|Any CPU.Build.0 = Debug|Any CPU
		{32A5EF7C-D4C4-4EE3-A777-6A348A4C8BDA}.Release|Any CPU.ActiveCfg = Release|Any CPU
		{32A5EF7C-D4C4-4EE3-A777-6A348A4C8BDA}.Release|Any CPU.Build.0 = Release|Any CPU
		{D0A26E55-82B5-4C6B-A9F8-31E6EAEDA68D}.Debug|Any CPU.ActiveCfg = Debug|Any CPU
		{D0A26E55-82B5-4C6B-A9F8-31E6EAEDA68D}.Debug|Any CPU.Build.0 = Debug|Any CPU
		{D0A26E55-82B5-4C6B-A9F8-31E6EAEDA68D}.Release|Any CPU.ActiveCfg = Release|Any CPU
		{D0A26E55-82B5-4C6B-A9F8-31E6EAEDA68D}.Release|Any CPU.Build.0 = Release|Any CPU
	EndGlobalSection
	GlobalSection(SolutionProperties) = preSolution
		HideSolutionNode = FALSE
	EndGlobalSection
	GlobalSection(NestedProjects) = preSolution
		{32A5EF7C-D4C4-4EE3-A777-6A348A4C8BDA} = {5ED7DF6D-ED21-4379-9448-5EBC7DF45694}
		{D0A26E55-82B5-4C6B-A9F8-31E6EAEDA68D} = {99391D57-AA6A-42CE-8994-24E1E75F9592}
	EndGlobalSection
	GlobalSection(MonoDevelopProperties) = preSolution
		StartupItem = EventRunner\EventRunner.csproj
		Policies = $0
		$0.StandardHeader = $1
		$1.inheritsSet = MITX11License
	EndGlobalSection
EndGlobal
