
Microsoft Visual Studio Solution File, Format Version 11.00
# Visual Studio 2010
Project("{FAE04EC0-301F-11D3-BF4B-00C04F79EFBC}") = "pvc.Core", "pvc.Core\pvc.Core.csproj", "{B4EBBFC1-A4B7-4F90-86CF-B73E1E6674B1}"
EndProject
Project("{FAE04EC0-301F-11D3-BF4B-00C04F79EFBC}") = "pvc.Tests", "pvc.Tests\pvc.Tests.csproj", "{0452212F-EB0E-43AB-80EA-48AF7656B7B4}"
EndProject
Project("{FAE04EC0-301F-11D3-BF4B-00C04F79EFBC}") = "pvc.Projections", "pvc.Projections\pvc.Projections.csproj", "{A852309C-564E-47DC-B046-A7183F295D25}"
EndProject
Project("{2150E333-8FDC-42A3-9474-1A3956D46DE8}") = "Solution Items", "Solution Items", "{3D939817-D0B3-4BE5-8678-F5BFAFA49F07}"
	ProjectSection(SolutionItems) = preProject
		..\LICENSE = ..\LICENSE
		..\pack-nuget.bat = ..\pack-nuget.bat
		..\pvc.nuspec = ..\pvc.nuspec
		..\README.markdown = ..\README.markdown
	EndProjectSection
EndProject
Project("{FAE04EC0-301F-11D3-BF4B-00C04F79EFBC}") = "pvc.Adapters.TransactionFile", "pvc.Adapters.TransactionFile\pvc.Adapters.TransactionFile.csproj", "{FB05542F-9C7D-4360-9A6E-2A8E1630666F}"
EndProject
Global
	GlobalSection(SolutionConfigurationPlatforms) = preSolution
		Debug|Any CPU = Debug|Any CPU
		Release|Any CPU = Release|Any CPU
	EndGlobalSection
	GlobalSection(ProjectConfigurationPlatforms) = postSolution
		{B4EBBFC1-A4B7-4F90-86CF-B73E1E6674B1}.Debug|Any CPU.ActiveCfg = Debug|Any CPU
		{B4EBBFC1-A4B7-4F90-86CF-B73E1E6674B1}.Debug|Any CPU.Build.0 = Debug|Any CPU
		{B4EBBFC1-A4B7-4F90-86CF-B73E1E6674B1}.Release|Any CPU.ActiveCfg = Release|Any CPU
		{B4EBBFC1-A4B7-4F90-86CF-B73E1E6674B1}.Release|Any CPU.Build.0 = Release|Any CPU
		{0452212F-EB0E-43AB-80EA-48AF7656B7B4}.Debug|Any CPU.ActiveCfg = Debug|Any CPU
		{0452212F-EB0E-43AB-80EA-48AF7656B7B4}.Debug|Any CPU.Build.0 = Debug|Any CPU
		{0452212F-EB0E-43AB-80EA-48AF7656B7B4}.Release|Any CPU.ActiveCfg = Release|Any CPU
		{0452212F-EB0E-43AB-80EA-48AF7656B7B4}.Release|Any CPU.Build.0 = Release|Any CPU
		{A852309C-564E-47DC-B046-A7183F295D25}.Debug|Any CPU.ActiveCfg = Debug|Any CPU
		{A852309C-564E-47DC-B046-A7183F295D25}.Debug|Any CPU.Build.0 = Debug|Any CPU
		{A852309C-564E-47DC-B046-A7183F295D25}.Release|Any CPU.ActiveCfg = Release|Any CPU
		{A852309C-564E-47DC-B046-A7183F295D25}.Release|Any CPU.Build.0 = Release|Any CPU
		{FB05542F-9C7D-4360-9A6E-2A8E1630666F}.Debug|Any CPU.ActiveCfg = Debug|Any CPU
		{FB05542F-9C7D-4360-9A6E-2A8E1630666F}.Debug|Any CPU.Build.0 = Debug|Any CPU
		{FB05542F-9C7D-4360-9A6E-2A8E1630666F}.Release|Any CPU.ActiveCfg = Release|Any CPU
		{FB05542F-9C7D-4360-9A6E-2A8E1630666F}.Release|Any CPU.Build.0 = Release|Any CPU
	EndGlobalSection
	GlobalSection(SolutionProperties) = preSolution
		HideSolutionNode = FALSE
	EndGlobalSection
	GlobalSection(MonoDevelopProperties) = preSolution
		StartupItem = EventRunner\EventRunner.csproj
		Policies = $0
		$0.StandardHeader = $1
		$1.inheritsSet = MITX11License
	EndGlobalSection
EndGlobal
